// !$*UTF8*$!
{
	archiveVersion = 1;
	classes = {
	};
	objectVersion = 50;
	objects = {

/* Begin PBXBuildFile section */
		36A1C02824B9F89C00521DAF /* AppDelegate.swift in Sources */ = {isa = PBXBuildFile; fileRef = 36A1C02724B9F89C00521DAF /* AppDelegate.swift */; };
		36A1C02A24B9F89C00521DAF /* SceneDelegate.swift in Sources */ = {isa = PBXBuildFile; fileRef = 36A1C02924B9F89C00521DAF /* SceneDelegate.swift */; };
		36A1C02C24B9F89C00521DAF /* ViewController.swift in Sources */ = {isa = PBXBuildFile; fileRef = 36A1C02B24B9F89C00521DAF /* ViewController.swift */; };
		36A1C02F24B9F89C00521DAF /* Main.storyboard in Resources */ = {isa = PBXBuildFile; fileRef = 36A1C02D24B9F89C00521DAF /* Main.storyboard */; };
		36A1C03124B9F89E00521DAF /* Assets.xcassets in Resources */ = {isa = PBXBuildFile; fileRef = 36A1C03024B9F89E00521DAF /* Assets.xcassets */; };
		36A1C03424B9F89E00521DAF /* LaunchScreen.storyboard in Resources */ = {isa = PBXBuildFile; fileRef = 36A1C03224B9F89E00521DAF /* LaunchScreen.storyboard */; };
		36A1C03C24B9FA4500521DAF /* Friend.swift in Sources */ = {isa = PBXBuildFile; fileRef = 36A1C03B24B9FA4500521DAF /* Friend.swift */; };
/* End PBXBuildFile section */

/* Begin PBXFileReference section */
		36A1C02424B9F89C00521DAF /* MyFriends.app */ = {isa = PBXFileReference; explicitFileType = wrapper.application; includeInIndex = 0; path = MyFriends.app; sourceTree = BUILT_PRODUCTS_DIR; };
		36A1C02724B9F89C00521DAF /* AppDelegate.swift */ = {isa = PBXFileReference; lastKnownFileType = sourcecode.swift; path = AppDelegate.swift; sourceTree = "<group>"; };
		36A1C02924B9F89C00521DAF /* SceneDelegate.swift */ = {isa = PBXFileReference; lastKnownFileType = sourcecode.swift; path = SceneDelegate.swift; sourceTree = "<group>"; };
		36A1C02B24B9F89C00521DAF /* ViewController.swift */ = {isa = PBXFileReference; lastKnownFileType = sourcecode.swift; path = ViewController.swift; sourceTree = "<group>"; };
		36A1C02E24B9F89C00521DAF /* Base */ = {isa = PBXFileReference; lastKnownFileType = file.storyboard; name = Base; path = Base.lproj/Main.storyboard; sourceTree = "<group>"; };
		36A1C03024B9F89E00521DAF /* Assets.xcassets */ = {isa = PBXFileReference; lastKnownFileType = folder.assetcatalog; path = Assets.xcassets; sourceTree = "<group>"; };
		36A1C03324B9F89E00521DAF /* Base */ = {isa = PBXFileReference; lastKnownFileType = file.storyboard; name = Base; path = Base.lproj/LaunchScreen.storyboard; sourceTree = "<group>"; };
		36A1C03524B9F89E00521DAF /* Info.plist */ = {isa = PBXFileReference; lastKnownFileType = text.plist.xml; path = Info.plist; sourceTree = "<group>"; };
		36A1C03B24B9FA4500521DAF /* Friend.swift */ = {isa = PBXFileReference; lastKnownFileType = sourcecode.swift; path = Friend.swift; sourceTree = "<group>"; };
/* End PBXFileReference section */

/* Begin PBXFrameworksBuildPhase section */
		36A1C02124B9F89C00521DAF /* Frameworks */ = {
			isa = PBXFrameworksBuildPhase;
			buildActionMask = 2147483647;
			files = (
			);
			runOnlyForDeploymentPostprocessing = 0;
		};
/* End PBXFrameworksBuildPhase section */

/* Begin PBXGroup section */
		36A1C01B24B9F89C00521DAF = {
			isa = PBXGroup;
			children = (
				36A1C03B24B9FA4500521DAF /* Friend.swift */,
				36A1C02624B9F89C00521DAF /* MyFriends */,
				36A1C02524B9F89C00521DAF /* Products */,
			);
			sourceTree = "<group>";
		};
		36A1C02524B9F89C00521DAF /* Products */ = {
			isa = PBXGroup;
			children = (
				36A1C02424B9F89C00521DAF /* MyFriends.app */,
			);
			name = Products;
			sourceTree = "<group>";
		};
		36A1C02624B9F89C00521DAF /* MyFriends */ = {
			isa = PBXGroup;
			children = (
				36A1C02724B9F89C00521DAF /* AppDelegate.swift */,
				36A1C02924B9F89C00521DAF /* SceneDelegate.swift */,
				36A1C02B24B9F89C00521DAF /* ViewController.swift */,
				36A1C02D24B9F89C00521DAF /* Main.storyboard */,
				36A1C03024B9F89E00521DAF /* Assets.xcassets */,
				36A1C03224B9F89E00521DAF /* LaunchScreen.storyboard */,
				36A1C03524B9F89E00521DAF /* Info.plist */,
			);
			path = MyFriends;
			sourceTree = "<group>";
		};
/* End PBXGroup section */

/* Begin PBXNativeTarget section */
		36A1C02324B9F89C00521DAF /* MyFriends */ = {
			isa = PBXNativeTarget;
			buildConfigurationList = 36A1C03824B9F89E00521DAF /* Build configuration list for PBXNativeTarget "MyFriends" */;
			buildPhases = (
				36A1C02024B9F89C00521DAF /* Sources */,
				36A1C02124B9F89C00521DAF /* Frameworks */,
				36A1C02224B9F89C00521DAF /* Resources */,
			);
			buildRules = (
			);
			dependencies = (
			);
			name = MyFriends;
			productName = MyFriends;
			productReference = 36A1C02424B9F89C00521DAF /* MyFriends.app */;
			productType = "com.apple.product-type.application";
		};
/* End PBXNativeTarget section */

/* Begin PBXProject section */
		36A1C01C24B9F89C00521DAF /* Project object */ = {
			isa = PBXProject;
			attributes = {
				LastSwiftUpdateCheck = 1150;
				LastUpgradeCheck = 1150;
				ORGANIZATIONNAME = "박진우";
				TargetAttributes = {
					36A1C02324B9F89C00521DAF = {
						CreatedOnToolsVersion = 11.5;
					};
				};
			};
			buildConfigurationList = 36A1C01F24B9F89C00521DAF /* Build configuration list for PBXProject "MyFriends" */;
			compatibilityVersion = "Xcode 9.3";
			developmentRegion = en;
			hasScannedForEncodings = 0;
			knownRegions = (
				en,
				Base,
			);
			mainGroup = 36A1C01B24B9F89C00521DAF;
			productRefGroup = 36A1C02524B9F89C00521DAF /* Products */;
			projectDirPath = "";
			projectRoot = "";
			targets = (
				36A1C02324B9F89C00521DAF /* MyFriends */,
			);
		};
/* End PBXProject section */

/* Begin PBXResourcesBuildPhase section */
		36A1C02224B9F89C00521DAF /* Resources */ = {
			isa = PBXResourcesBuildPhase;
			buildActionMask = 2147483647;
			files = (
				36A1C03424B9F89E00521DAF /* LaunchScreen.storyboard in Resources */,
				36A1C03124B9F89E00521DAF /* Assets.xcassets in Resources */,
				36A1C02F24B9F89C00521DAF /* Main.storyboard in Resources */,
			);
			runOnlyForDeploymentPostprocessing = 0;
		};
/* End PBXResourcesBuildPhase section */

/* Begin PBXSourcesBuildPhase section */
		36A1C02024B9F89C00521DAF /* Sources */ = {
			isa = PBXSourcesBuildPhase;
			buildActionMask = 2147483647;
			files = (
				36A1C02C24B9F89C00521DAF /* ViewController.swift in Sources */,
				36A1C02824B9F89C00521DAF /* AppDelegate.swift in Sources */,
				36A1C02A24B9F89C00521DAF /* SceneDelegate.swift in Sources */,
				36A1C03C24B9FA4500521DAF /* Friend.swift in Sources */,
			);
			runOnlyForDeploymentPostprocessing = 0;
		};
/* End PBXSourcesBuildPhase section */

/* Begin PBXVariantGroup section */
		36A1C02D24B9F89C00521DAF /* Main.storyboard */ = {
			isa = PBXVariantGroup;
			children = (
				36A1C02E24B9F89C00521DAF /* Base */,
			);
			name = Main.storyboard;
			sourceTree = "<group>";
		};
		36A1C03224B9F89E00521DAF /* LaunchScreen.storyboard */ = {
			isa = PBXVariantGroup;
			children = (
				36A1C03324B9F89E00521DAF /* Base */,
			);
			name = LaunchScreen.storyboard;
			sourceTree = "<group>";
		};
/* End PBXVariantGroup section */

/* Begin XCBuildConfiguration section */
		36A1C03624B9F89E00521DAF /* Debug */ = {
			isa = XCBuildConfiguration;
			buildSettings = {
				ALWAYS_SEARCH_USER_PATHS = NO;
				CLANG_ANALYZER_NONNULL = YES;
				CLANG_ANALYZER_NUMBER_OBJECT_CONVERSION = YES_AGGRESSIVE;
				CLANG_CXX_LANGUAGE_STANDARD = "gnu++14";
				CLANG_CXX_LIBRARY = "libc++";
				CLANG_ENABLE_MODULES = YES;
				CLANG_ENABLE_OBJC_ARC = YES;
				CLANG_ENABLE_OBJC_WEAK = YES;
				CLANG_WARN_BLOCK_CAPTURE_AUTORELEASING = YES;
				CLANG_WARN_BOOL_CONVERSION = YES;
				CLANG_WARN_COMMA = YES;
				CLANG_WARN_CONSTANT_CONVERSION = YES;
				CLANG_WARN_DEPRECATED_OBJC_IMPLEMENTATIONS = YES;
				CLANG_WARN_DIRECT_OBJC_ISA_USAGE = YES_ERROR;
				CLANG_WARN_DOCUMENTATION_COMMENTS = YES;
				CLANG_WARN_EMPTY_BODY = YES;
				CLANG_WARN_ENUM_CONVERSION = YES;
				CLANG_WARN_INFINITE_RECURSION = YES;
				CLANG_WARN_INT_CONVERSION = YES;
				CLANG_WARN_NON_LITERAL_NULL_CONVERSION = YES;
				CLANG_WARN_OBJC_IMPLICIT_RETAIN_SELF = YES;
				CLANG_WARN_OBJC_LITERAL_CONVERSION = YES;
				CLANG_WARN_OBJC_ROOT_CLASS = YES_ERROR;
				CLANG_WARN_RANGE_LOOP_ANALYSIS = YES;
				CLANG_WARN_STRICT_PROTOTYPES = YES;
				CLANG_WARN_SUSPICIOUS_MOVE = YES;
				CLANG_WARN_UNGUARDED_AVAILABILITY = YES_AGGRESSIVE;
				CLANG_WARN_UNREACHABLE_CODE = YES;
				CLANG_WARN__DUPLICATE_METHOD_MATCH = YES;
				COPY_PHASE_STRIP = NO;
				DEBUG_INFORMATION_FORMAT = dwarf;
				ENABLE_STRICT_OBJC_MSGSEND = YES;
				ENABLE_TESTABILITY = YES;
				GCC_C_LANGUAGE_STANDARD = gnu11;
				GCC_DYNAMIC_NO_PIC = NO;
				GCC_NO_COMMON_BLOCKS = YES;
				GCC_OPTIMIZATION_LEVEL = 0;
				GCC_PREPROCESSOR_DEFINITIONS = (
					"DEBUG=1",
					"$(inherited)",
				);
				GCC_WARN_64_TO_32_BIT_CONVERSION = YES;
				GCC_WARN_ABOUT_RETURN_TYPE = YES_ERROR;
				GCC_WARN_UNDECLARED_SELECTOR = YES;
				GCC_WARN_UNINITIALIZED_AUTOS = YES_AGGRESSIVE;
				GCC_WARN_UNUSED_FUNCTION = YES;
				GCC_WARN_UNUSED_VARIABLE = YES;
				IPHONEOS_DEPLOYMENT_TARGET = 13.5;
				MTL_ENABLE_DEBUG_INFO = INCLUDE_SOURCE;
				MTL_FAST_MATH = YES;
				ONLY_ACTIVE_ARCH = YES;
				SDKROOT = iphoneos;
				SWIFT_ACTIVE_COMPILATION_CONDITIONS = DEBUG;
				SWIFT_OPTIMIZATION_LEVEL = "-Onone";
			};
			name = Debug;
		};
		36A1C03724B9F89E00521DAF /* Release */ = {
			isa = XCBuildConfiguration;
			buildSettings = {
				ALWAYS_SEARCH_USER_PATHS = NO;
				CLANG_ANALYZER_NONNULL = YES;
				CLANG_ANALYZER_NUMBER_OBJECT_CONVERSION = YES_AGGRESSIVE;
				CLANG_CXX_LANGUAGE_STANDARD = "gnu++14";
				CLANG_CXX_LIBRARY = "libc++";
				CLANG_ENABLE_MODULES = YES;
				CLANG_ENABLE_OBJC_ARC = YES;
				CLANG_ENABLE_OBJC_WEAK = YES;
				CLANG_WARN_BLOCK_CAPTURE_AUTORELEASING = YES;
				CLANG_WARN_BOOL_CONVERSION = YES;
				CLANG_WARN_COMMA = YES;
				CLANG_WARN_CONSTANT_CONVERSION = YES;
				CLANG_WARN_DEPRECATED_OBJC_IMPLEMENTATIONS = YES;
				CLANG_WARN_DIRECT_OBJC_ISA_USAGE = YES_ERROR;
				CLANG_WARN_DOCUMENTATION_COMMENTS = YES;
				CLANG_WARN_EMPTY_BODY = YES;
				CLANG_WARN_ENUM_CONVERSION = YES;
				CLANG_WARN_INFINITE_RECURSION = YES;
				CLANG_WARN_INT_CONVERSION = YES;
				CLANG_WARN_NON_LITERAL_NULL_CONVERSION = YES;
				CLANG_WARN_OBJC_IMPLICIT_RETAIN_SELF = YES;
				CLANG_WARN_OBJC_LITERAL_CONVERSION = YES;
				CLANG_WARN_OBJC_ROOT_CLASS = YES_ERROR;
				CLANG_WARN_RANGE_LOOP_ANALYSIS = YES;
				CLANG_WARN_STRICT_PROTOTYPES = YES;
				CLANG_WARN_SUSPICIOUS_MOVE = YES;
				CLANG_WARN_UNGUARDED_AVAILABILITY = YES_AGGRESSIVE;
				CLANG_WARN_UNREACHABLE_CODE = YES;
				CLANG_WARN__DUPLICATE_METHOD_MATCH = YES;
				COPY_PHASE_STRIP = NO;
				DEBUG_INFORMATION_FORMAT = "dwarf-with-dsym";
				ENABLE_NS_ASSERTIONS = NO;
				ENABLE_STRICT_OBJC_MSGSEND = YES;
				GCC_C_LANGUAGE_STANDARD = gnu11;
				GCC_NO_COMMON_BLOCKS = YES;
				GCC_WARN_64_TO_32_BIT_CONVERSION = YES;
				GCC_WARN_ABOUT_RETURN_TYPE = YES_ERROR;
				GCC_WARN_UNDECLARED_SELECTOR = YES;
				GCC_WARN_UNINITIALIZED_AUTOS = YES_AGGRESSIVE;
				GCC_WARN_UNUSED_FUNCTION = YES;
				GCC_WARN_UNUSED_VARIABLE = YES;
				IPHONEOS_DEPLOYMENT_TARGET = 13.5;
				MTL_ENABLE_DEBUG_INFO = NO;
				MTL_FAST_MATH = YES;
				SDKROOT = iphoneos;
				SWIFT_COMPILATION_MODE = wholemodule;
				SWIFT_OPTIMIZATION_LEVEL = "-O";
				VALIDATE_PRODUCT = YES;
			};
			name = Release;
		};
		36A1C03924B9F89E00521DAF /* Debug */ = {
			isa = XCBuildConfiguration;
			buildSettings = {
				ASSETCATALOG_COMPILER_APPICON_NAME = AppIcon;
				CODE_SIGN_STYLE = Automatic;
				DEVELOPMENT_TEAM = XNBM4KGBDA;
				INFOPLIST_FILE = MyFriends/Info.plist;
				LD_RUNPATH_SEARCH_PATHS = (
					"$(inherited)",
					"@executable_path/Frameworks",
				);
				PRODUCT_BUNDLE_IDENTIFIER = com.binu.MyFriends;
				PRODUCT_NAME = "$(TARGET_NAME)";
				SWIFT_VERSION = 5.0;
				TARGETED_DEVICE_FAMILY = "1,2";
			};
			name = Debug;
		};
		36A1C03A24B9F89E00521DAF /* Release */ = {
			isa = XCBuildConfiguration;
			buildSettings = {
				ASSETCATALOG_COMPILER_APPICON_NAME = AppIcon;
				CODE_SIGN_STYLE = Automatic;
				DEVELOPMENT_TEAM = XNBM4KGBDA;
				INFOPLIST_FILE = MyFriends/Info.plist;
				LD_RUNPATH_SEARCH_PATHS = (
					"$(inherited)",
					"@executable_path/Frameworks",
				);
				PRODUCT_BUNDLE_IDENTIFIER = com.binu.MyFriends;
				PRODUCT_NAME = "$(TARGET_NAME)";
				SWIFT_VERSION = 5.0;
				TARGETED_DEVICE_FAMILY = "1,2";
			};
			name = Release;
		};
/* End XCBuildConfiguration section */

/* Begin XCConfigurationList section */
		36A1C01F24B9F89C00521DAF /* Build configuration list for PBXProject "MyFriends" */ = {
			isa = XCConfigurationList;
			buildConfigurations = (
				36A1C03624B9F89E00521DAF /* Debug */,
				36A1C03724B9F89E00521DAF /* Release */,
			);
			defaultConfigurationIsVisible = 0;
			defaultConfigurationName = Release;
		};
		36A1C03824B9F89E00521DAF /* Build configuration list for PBXNativeTarget "MyFriends" */ = {
			isa = XCConfigurationList;
			buildConfigurations = (
				36A1C03924B9F89E00521DAF /* Debug */,
				36A1C03A24B9F89E00521DAF /* Release */,
			);
			defaultConfigurationIsVisible = 0;
			defaultConfigurationName = Release;
		};
/* End XCConfigurationList section */
	};
	rootObject = 36A1C01C24B9F89C00521DAF /* Project object */;
}
